
Microsoft Visual Studio Solution File, Format Version 12.00
# Visual Studio Version 17
VisualStudioVersion = 17.8.34330.188
MinimumVisualStudioVersion = 10.0.40219.1
Project("{9A19103F-16F7-4668-BE54-9A1E7A4F7556}") = "GameStore", "GameStore\GameStore.csproj", "{D6F2C02B-BF5F-4AEA-BD75-13F8D696482F}"
EndProject
Global
	GlobalSection(SolutionConfigurationPlatforms) = preSolution
		Debug|Any CPU = Debug|Any CPU
		Release|Any CPU = Release|Any CPU
	EndGlobalSection
	GlobalSection(ProjectConfigurationPlatforms) = postSolution
		{D6F2C02B-BF5F-4AEA-BD75-13F8D696482F}.Debug|Any CPU.ActiveCfg = Debug|Any CPU
		{D6F2C02B-BF5F-4AEA-BD75-13F8D696482F}.Debug|Any CPU.Build.0 = Debug|Any CPU
		{D6F2C02B-BF5F-4AEA-BD75-13F8D696482F}.Release|Any CPU.ActiveCfg = Release|Any CPU
		{D6F2C02B-BF5F-4AEA-BD75-13F8D696482F}.Release|Any CPU.Build.0 = Release|Any CPU
	EndGlobalSection
	GlobalSection(SolutionProperties) = preSolution
		HideSolutionNode = FALSE
	EndGlobalSection
	GlobalSection(ExtensibilityGlobals) = postSolution
		SolutionGuid = {49144449-BA64-401C-A51C-25D7C996D889}
	EndGlobalSection
EndGlobal
